// !$*UTF8*$!
{
	archiveVersion = 1;
	classes = {
	};
	objectVersion = 48;
	objects = {

/* Begin PBXBuildFile section */
		45D712B2204213CB00A2FD3E /* AppDelegate.swift in Sources */ = {isa = PBXBuildFile; fileRef = 45D712B1204213CB00A2FD3E /* AppDelegate.swift */; };
		45D712B4204213CB00A2FD3E /* ViewController.swift in Sources */ = {isa = PBXBuildFile; fileRef = 45D712B3204213CB00A2FD3E /* ViewController.swift */; };
		45D712B7204213CB00A2FD3E /* Main.storyboard in Resources */ = {isa = PBXBuildFile; fileRef = 45D712B5204213CB00A2FD3E /* Main.storyboard */; };
		45D712B9204213CB00A2FD3E /* Assets.xcassets in Resources */ = {isa = PBXBuildFile; fileRef = 45D712B8204213CB00A2FD3E /* Assets.xcassets */; };
		45D712BC204213CB00A2FD3E /* LaunchScreen.storyboard in Resources */ = {isa = PBXBuildFile; fileRef = 45D712BA204213CB00A2FD3E /* LaunchScreen.storyboard */; };
		45D712C4204215BA00A2FD3E /* GoogleService-Info.plist in Resources */ = {isa = PBXBuildFile; fileRef = 45D712C3204215BA00A2FD3E /* GoogleService-Info.plist */; };
		91DEA6239E2CEF05F845DEE4 /* Pods_TheEnigmas.framework in Frameworks */ = {isa = PBXBuildFile; fileRef = 44160B16A0C6C8606B8EC52D /* Pods_TheEnigmas.framework */; };
/* End PBXBuildFile section */

/* Begin PBXFileReference section */
		44160B16A0C6C8606B8EC52D /* Pods_TheEnigmas.framework */ = {isa = PBXFileReference; explicitFileType = wrapper.framework; includeInIndex = 0; path = Pods_TheEnigmas.framework; sourceTree = BUILT_PRODUCTS_DIR; };
		45D712AE204213CB00A2FD3E /* TheEnigmas.app */ = {isa = PBXFileReference; explicitFileType = wrapper.application; includeInIndex = 0; path = TheEnigmas.app; sourceTree = BUILT_PRODUCTS_DIR; };
		45D712B1204213CB00A2FD3E /* AppDelegate.swift */ = {isa = PBXFileReference; lastKnownFileType = sourcecode.swift; path = AppDelegate.swift; sourceTree = "<group>"; };
		45D712B3204213CB00A2FD3E /* ViewController.swift */ = {isa = PBXFileReference; lastKnownFileType = sourcecode.swift; path = ViewController.swift; sourceTree = "<group>"; };
		45D712B6204213CB00A2FD3E /* Base */ = {isa = PBXFileReference; lastKnownFileType = file.storyboard; name = Base; path = Base.lproj/Main.storyboard; sourceTree = "<group>"; };
		45D712B8204213CB00A2FD3E /* Assets.xcassets */ = {isa = PBXFileReference; lastKnownFileType = folder.assetcatalog; path = Assets.xcassets; sourceTree = "<group>"; };
		45D712BB204213CB00A2FD3E /* Base */ = {isa = PBXFileReference; lastKnownFileType = file.storyboard; name = Base; path = Base.lproj/LaunchScreen.storyboard; sourceTree = "<group>"; };
		45D712BD204213CB00A2FD3E /* Info.plist */ = {isa = PBXFileReference; lastKnownFileType = text.plist.xml; path = Info.plist; sourceTree = "<group>"; };
		45D712C3204215BA00A2FD3E /* GoogleService-Info.plist */ = {isa = PBXFileReference; fileEncoding = 4; lastKnownFileType = text.plist.xml; path = "GoogleService-Info.plist"; sourceTree = "<group>"; };
		521D26FBE2B7158A6FCD3FB5 /* Pods-TheEnigmas.debug.xcconfig */ = {isa = PBXFileReference; includeInIndex = 1; lastKnownFileType = text.xcconfig; name = "Pods-TheEnigmas.debug.xcconfig"; path = "Pods/Target Support Files/Pods-TheEnigmas/Pods-TheEnigmas.debug.xcconfig"; sourceTree = "<group>"; };
		96E8BFC7F600E4D81D5B864C /* Pods-TheEnigmas.release.xcconfig */ = {isa = PBXFileReference; includeInIndex = 1; lastKnownFileType = text.xcconfig; name = "Pods-TheEnigmas.release.xcconfig"; path = "Pods/Target Support Files/Pods-TheEnigmas/Pods-TheEnigmas.release.xcconfig"; sourceTree = "<group>"; };
/* End PBXFileReference section */

/* Begin PBXFrameworksBuildPhase section */
		45D712AB204213CB00A2FD3E /* Frameworks */ = {
			isa = PBXFrameworksBuildPhase;
			buildActionMask = 2147483647;
			files = (
				91DEA6239E2CEF05F845DEE4 /* Pods_TheEnigmas.framework in Frameworks */,
			);
			runOnlyForDeploymentPostprocessing = 0;
		};
/* End PBXFrameworksBuildPhase section */

/* Begin PBXGroup section */
		22E38820902A539D5A167F35 /* Frameworks */ = {
			isa = PBXGroup;
			children = (
				44160B16A0C6C8606B8EC52D /* Pods_TheEnigmas.framework */,
			);
			name = Frameworks;
			sourceTree = "<group>";
		};
		45D712A5204213CB00A2FD3E = {
			isa = PBXGroup;
			children = (
				45D712B0204213CB00A2FD3E /* TheEnigmas */,
				45D712AF204213CB00A2FD3E /* Products */,
				FAC7FDD1F0686856F57BABBD /* Pods */,
				22E38820902A539D5A167F35 /* Frameworks */,
			);
			sourceTree = "<group>";
		};
		45D712AF204213CB00A2FD3E /* Products */ = {
			isa = PBXGroup;
			children = (
				45D712AE204213CB00A2FD3E /* TheEnigmas.app */,
			);
			name = Products;
			sourceTree = "<group>";
		};
		45D712B0204213CB00A2FD3E /* TheEnigmas */ = {
			isa = PBXGroup;
			children = (
				45D712B1204213CB00A2FD3E /* AppDelegate.swift */,
				45D712B3204213CB00A2FD3E /* ViewController.swift */,
				45D712B5204213CB00A2FD3E /* Main.storyboard */,
				45D712B8204213CB00A2FD3E /* Assets.xcassets */,
				45D712BA204213CB00A2FD3E /* LaunchScreen.storyboard */,
				45D712BD204213CB00A2FD3E /* Info.plist */,
				45D712C3204215BA00A2FD3E /* GoogleService-Info.plist */,
			);
			path = TheEnigmas;
			sourceTree = "<group>";
		};
		FAC7FDD1F0686856F57BABBD /* Pods */ = {
			isa = PBXGroup;
			children = (
				521D26FBE2B7158A6FCD3FB5 /* Pods-TheEnigmas.debug.xcconfig */,
				96E8BFC7F600E4D81D5B864C /* Pods-TheEnigmas.release.xcconfig */,
			);
			name = Pods;
			sourceTree = "<group>";
		};
/* End PBXGroup section */

/* Begin PBXNativeTarget section */
		45D712AD204213CB00A2FD3E /* TheEnigmas */ = {
			isa = PBXNativeTarget;
			buildConfigurationList = 45D712C0204213CB00A2FD3E /* Build configuration list for PBXNativeTarget "TheEnigmas" */;
			buildPhases = (
				10C55BEEB52569BC49C5F6A1 /* [CP] Check Pods Manifest.lock */,
				45D712AA204213CB00A2FD3E /* Sources */,
				45D712AB204213CB00A2FD3E /* Frameworks */,
				45D712AC204213CB00A2FD3E /* Resources */,
				A7020D1C8ABEB4215AF41D88 /* [CP] Embed Pods Frameworks */,
				937CBD4B73B08586AC434816 /* [CP] Copy Pods Resources */,
			);
			buildRules = (
			);
			dependencies = (
			);
			name = TheEnigmas;
			productName = TheEnigmas;
			productReference = 45D712AE204213CB00A2FD3E /* TheEnigmas.app */;
			productType = "com.apple.product-type.application";
		};
/* End PBXNativeTarget section */

/* Begin PBXProject section */
		45D712A6204213CB00A2FD3E /* Project object */ = {
			isa = PBXProject;
			attributes = {
				LastSwiftUpdateCheck = 0920;
				LastUpgradeCheck = 0920;
				ORGANIZATIONNAME = "The Enigmas";
				TargetAttributes = {
					45D712AD204213CB00A2FD3E = {
						CreatedOnToolsVersion = 9.2;
						ProvisioningStyle = Automatic;
					};
				};
			};
			buildConfigurationList = 45D712A9204213CB00A2FD3E /* Build configuration list for PBXProject "TheEnigmas" */;
			compatibilityVersion = "Xcode 8.0";
			developmentRegion = en;
			hasScannedForEncodings = 0;
			knownRegions = (
				en,
				Base,
			);
			mainGroup = 45D712A5204213CB00A2FD3E;
			productRefGroup = 45D712AF204213CB00A2FD3E /* Products */;
			projectDirPath = "";
			projectRoot = "";
			targets = (
				45D712AD204213CB00A2FD3E /* TheEnigmas */,
			);
		};
/* End PBXProject section */

/* Begin PBXResourcesBuildPhase section */
		45D712AC204213CB00A2FD3E /* Resources */ = {
			isa = PBXResourcesBuildPhase;
			buildActionMask = 2147483647;
			files = (
				45D712BC204213CB00A2FD3E /* LaunchScreen.storyboard in Resources */,
				45D712C4204215BA00A2FD3E /* GoogleService-Info.plist in Resources */,
				45D712B9204213CB00A2FD3E /* Assets.xcassets in Resources */,
				45D712B7204213CB00A2FD3E /* Main.storyboard in Resources */,
			);
			runOnlyForDeploymentPostprocessing = 0;
		};
/* End PBXResourcesBuildPhase section */

/* Begin PBXShellScriptBuildPhase section */
		10C55BEEB52569BC49C5F6A1 /* [CP] Check Pods Manifest.lock */ = {
			isa = PBXShellScriptBuildPhase;
			buildActionMask = 2147483647;
			files = (
			);
			inputPaths = (
				"${PODS_PODFILE_DIR_PATH}/Podfile.lock",
				"${PODS_ROOT}/Manifest.lock",
			);
			name = "[CP] Check Pods Manifest.lock";
			outputPaths = (
				"$(DERIVED_FILE_DIR)/Pods-TheEnigmas-checkManifestLockResult.txt",
			);
			runOnlyForDeploymentPostprocessing = 0;
			shellPath = /bin/sh;
			shellScript = "diff \"${PODS_PODFILE_DIR_PATH}/Podfile.lock\" \"${PODS_ROOT}/Manifest.lock\" > /dev/null\nif [ $? != 0 ] ; then\n    # print error to STDERR\n    echo \"error: The sandbox is not in sync with the Podfile.lock. Run 'pod install' or update your CocoaPods installation.\" >&2\n    exit 1\nfi\n# This output is used by Xcode 'outputs' to avoid re-running this script phase.\necho \"SUCCESS\" > \"${SCRIPT_OUTPUT_FILE_0}\"\n";
			showEnvVarsInLog = 0;
		};
		937CBD4B73B08586AC434816 /* [CP] Copy Pods Resources */ = {
			isa = PBXShellScriptBuildPhase;
			buildActionMask = 2147483647;
			files = (
			);
			inputPaths = (
			);
			name = "[CP] Copy Pods Resources";
			outputPaths = (
			);
			runOnlyForDeploymentPostprocessing = 0;
			shellPath = /bin/sh;
			shellScript = "\"${SRCROOT}/Pods/Target Support Files/Pods-TheEnigmas/Pods-TheEnigmas-resources.sh\"\n";
			showEnvVarsInLog = 0;
		};
		A7020D1C8ABEB4215AF41D88 /* [CP] Embed Pods Frameworks */ = {
			isa = PBXShellScriptBuildPhase;
			buildActionMask = 2147483647;
			files = (
			);
			inputPaths = (
				"${SRCROOT}/Pods/Target Support Files/Pods-TheEnigmas/Pods-TheEnigmas-frameworks.sh",
				"${BUILT_PRODUCTS_DIR}/GTMSessionFetcher/GTMSessionFetcher.framework",
				"${BUILT_PRODUCTS_DIR}/GoogleToolboxForMac/GoogleToolboxForMac.framework",
				"${BUILT_PRODUCTS_DIR}/nanopb/nanopb.framework",
			);
			name = "[CP] Embed Pods Frameworks";
			outputPaths = (
				"${TARGET_BUILD_DIR}/${FRAMEWORKS_FOLDER_PATH}/GTMSessionFetcher.framework",
				"${TARGET_BUILD_DIR}/${FRAMEWORKS_FOLDER_PATH}/GoogleToolboxForMac.framework",
				"${TARGET_BUILD_DIR}/${FRAMEWORKS_FOLDER_PATH}/nanopb.framework",
			);
			runOnlyForDeploymentPostprocessing = 0;
			shellPath = /bin/sh;
			shellScript = "\"${SRCROOT}/Pods/Target Support Files/Pods-TheEnigmas/Pods-TheEnigmas-frameworks.sh\"\n";
			showEnvVarsInLog = 0;
		};
/* End PBXShellScriptBuildPhase section */

/* Begin PBXSourcesBuildPhase section */
		45D712AA204213CB00A2FD3E /* Sources */ = {
			isa = PBXSourcesBuildPhase;
			buildActionMask = 2147483647;
			files = (
				45D712B4204213CB00A2FD3E /* ViewController.swift in Sources */,
				45D712B2204213CB00A2FD3E /* AppDelegate.swift in Sources */,
			);
			runOnlyForDeploymentPostprocessing = 0;
		};
/* End PBXSourcesBuildPhase section */

/* Begin PBXVariantGroup section */
		45D712B5204213CB00A2FD3E /* Main.storyboard */ = {
			isa = PBXVariantGroup;
			children = (
				45D712B6204213CB00A2FD3E /* Base */,
			);
			name = Main.storyboard;
			sourceTree = "<group>";
		};
		45D712BA204213CB00A2FD3E /* LaunchScreen.storyboard */ = {
			isa = PBXVariantGroup;
			children = (
				45D712BB204213CB00A2FD3E /* Base */,
			);
			name = LaunchScreen.storyboard;
			sourceTree = "<group>";
		};
/* End PBXVariantGroup section */

/* Begin XCBuildConfiguration section */
		45D712BE204213CB00A2FD3E /* Debug */ = {
			isa = XCBuildConfiguration;
			buildSettings = {
				ALWAYS_SEARCH_USER_PATHS = NO;
				CLANG_ANALYZER_NONNULL = YES;
				CLANG_ANALYZER_NUMBER_OBJECT_CONVERSION = YES_AGGRESSIVE;
				CLANG_CXX_LANGUAGE_STANDARD = "gnu++14";
				CLANG_CXX_LIBRARY = "libc++";
				CLANG_ENABLE_MODULES = YES;
				CLANG_ENABLE_OBJC_ARC = YES;
				CLANG_WARN_BLOCK_CAPTURE_AUTORELEASING = YES;
				CLANG_WARN_BOOL_CONVERSION = YES;
				CLANG_WARN_COMMA = YES;
				CLANG_WARN_CONSTANT_CONVERSION = YES;
				CLANG_WARN_DIRECT_OBJC_ISA_USAGE = YES_ERROR;
				CLANG_WARN_DOCUMENTATION_COMMENTS = YES;
				CLANG_WARN_EMPTY_BODY = YES;
				CLANG_WARN_ENUM_CONVERSION = YES;
				CLANG_WARN_INFINITE_RECURSION = YES;
				CLANG_WARN_INT_CONVERSION = YES;
				CLANG_WARN_NON_LITERAL_NULL_CONVERSION = YES;
				CLANG_WARN_OBJC_LITERAL_CONVERSION = YES;
				CLANG_WARN_OBJC_ROOT_CLASS = YES_ERROR;
				CLANG_WARN_RANGE_LOOP_ANALYSIS = YES;
				CLANG_WARN_STRICT_PROTOTYPES = YES;
				CLANG_WARN_SUSPICIOUS_MOVE = YES;
				CLANG_WARN_UNGUARDED_AVAILABILITY = YES_AGGRESSIVE;
				CLANG_WARN_UNREACHABLE_CODE = YES;
				CLANG_WARN__DUPLICATE_METHOD_MATCH = YES;
				CODE_SIGN_IDENTITY = "iPhone Developer";
				COPY_PHASE_STRIP = NO;
				DEBUG_INFORMATION_FORMAT = dwarf;
				ENABLE_STRICT_OBJC_MSGSEND = YES;
				ENABLE_TESTABILITY = YES;
				GCC_C_LANGUAGE_STANDARD = gnu11;
				GCC_DYNAMIC_NO_PIC = NO;
				GCC_NO_COMMON_BLOCKS = YES;
				GCC_OPTIMIZATION_LEVEL = 0;
				GCC_PREPROCESSOR_DEFINITIONS = (
					"DEBUG=1",
					"$(inherited)",
				);
				GCC_WARN_64_TO_32_BIT_CONVERSION = YES;
				GCC_WARN_ABOUT_RETURN_TYPE = YES_ERROR;
				GCC_WARN_UNDECLARED_SELECTOR = YES;
				GCC_WARN_UNINITIALIZED_AUTOS = YES_AGGRESSIVE;
				GCC_WARN_UNUSED_FUNCTION = YES;
				GCC_WARN_UNUSED_VARIABLE = YES;
				IPHONEOS_DEPLOYMENT_TARGET = 11.2;
				MTL_ENABLE_DEBUG_INFO = YES;
				ONLY_ACTIVE_ARCH = YES;
				SDKROOT = iphoneos;
				SWIFT_ACTIVE_COMPILATION_CONDITIONS = DEBUG;
				SWIFT_OPTIMIZATION_LEVEL = "-Onone";
			};
			name = Debug;
		};
		45D712BF204213CB00A2FD3E /* Release */ = {
			isa = XCBuildConfiguration;
			buildSettings = {
				ALWAYS_SEARCH_USER_PATHS = NO;
				CLANG_ANALYZER_NONNULL = YES;
				CLANG_ANALYZER_NUMBER_OBJECT_CONVERSION = YES_AGGRESSIVE;
				CLANG_CXX_LANGUAGE_STANDARD = "gnu++14";
				CLANG_CXX_LIBRARY = "libc++";
				CLANG_ENABLE_MODULES = YES;
				CLANG_ENABLE_OBJC_ARC = YES;
				CLANG_WARN_BLOCK_CAPTURE_AUTORELEASING = YES;
				CLANG_WARN_BOOL_CONVERSION = YES;
				CLANG_WARN_COMMA = YES;
				CLANG_WARN_CONSTANT_CONVERSION = YES;
				CLANG_WARN_DIRECT_OBJC_ISA_USAGE = YES_ERROR;
				CLANG_WARN_DOCUMENTATION_COMMENTS = YES;
				CLANG_WARN_EMPTY_BODY = YES;
				CLANG_WARN_ENUM_CONVERSION = YES;
				CLANG_WARN_INFINITE_RECURSION = YES;
				CLANG_WARN_INT_CONVERSION = YES;
				CLANG_WARN_NON_LITERAL_NULL_CONVERSION = YES;
				CLANG_WARN_OBJC_LITERAL_CONVERSION = YES;
				CLANG_WARN_OBJC_ROOT_CLASS = YES_ERROR;
				CLANG_WARN_RANGE_LOOP_ANALYSIS = YES;
				CLANG_WARN_STRICT_PROTOTYPES = YES;
				CLANG_WARN_SUSPICIOUS_MOVE = YES;
				CLANG_WARN_UNGUARDED_AVAILABILITY = YES_AGGRESSIVE;
				CLANG_WARN_UNREACHABLE_CODE = YES;
				CLANG_WARN__DUPLICATE_METHOD_MATCH = YES;
				CODE_SIGN_IDENTITY = "iPhone Developer";
				COPY_PHASE_STRIP = NO;
				DEBUG_INFORMATION_FORMAT = "dwarf-with-dsym";
				ENABLE_NS_ASSERTIONS = NO;
				ENABLE_STRICT_OBJC_MSGSEND = YES;
				GCC_C_LANGUAGE_STANDARD = gnu11;
				GCC_NO_COMMON_BLOCKS = YES;
				GCC_WARN_64_TO_32_BIT_CONVERSION = YES;
				GCC_WARN_ABOUT_RETURN_TYPE = YES_ERROR;
				GCC_WARN_UNDECLARED_SELECTOR = YES;
				GCC_WARN_UNINITIALIZED_AUTOS = YES_AGGRESSIVE;
				GCC_WARN_UNUSED_FUNCTION = YES;
				GCC_WARN_UNUSED_VARIABLE = YES;
				IPHONEOS_DEPLOYMENT_TARGET = 11.2;
				MTL_ENABLE_DEBUG_INFO = NO;
				SDKROOT = iphoneos;
				SWIFT_OPTIMIZATION_LEVEL = "-Owholemodule";
				VALIDATE_PRODUCT = YES;
			};
			name = Release;
		};
		45D712C1204213CB00A2FD3E /* Debug */ = {
			isa = XCBuildConfiguration;
			baseConfigurationReference = 521D26FBE2B7158A6FCD3FB5 /* Pods-TheEnigmas.debug.xcconfig */;
			buildSettings = {
				ASSETCATALOG_COMPILER_APPICON_NAME = AppIcon;
				CODE_SIGN_STYLE = Automatic;
				DEVELOPMENT_TEAM = 2H65564NN9;
				INFOPLIST_FILE = TheEnigmas/Info.plist;
				LD_RUNPATH_SEARCH_PATHS = "$(inherited) @executable_path/Frameworks";
				PRODUCT_BUNDLE_IDENTIFIER = com.theEnigmas.TheEnigmas;
				PRODUCT_NAME = "$(TARGET_NAME)";
				SWIFT_VERSION = 4.0;
				TARGETED_DEVICE_FAMILY = "1,2";
			};
			name = Debug;
		};
		45D712C2204213CB00A2FD3E /* Release */ = {
			isa = XCBuildConfiguration;
			baseConfigurationReference = 96E8BFC7F600E4D81D5B864C /* Pods-TheEnigmas.release.xcconfig */;
			buildSettings = {
				ASSETCATALOG_COMPILER_APPICON_NAME = AppIcon;
				CODE_SIGN_STYLE = Automatic;
				DEVELOPMENT_TEAM = 2H65564NN9;
				INFOPLIST_FILE = TheEnigmas/Info.plist;
				LD_RUNPATH_SEARCH_PATHS = "$(inherited) @executable_path/Frameworks";
				PRODUCT_BUNDLE_IDENTIFIER = com.theEnigmas.TheEnigmas;
				PRODUCT_NAME = "$(TARGET_NAME)";
				SWIFT_VERSION = 4.0;
				TARGETED_DEVICE_FAMILY = "1,2";
			};
			name = Release;
		};
/* End XCBuildConfiguration section */

/* Begin XCConfigurationList section */
		45D712A9204213CB00A2FD3E /* Build configuration list for PBXProject "TheEnigmas" */ = {
			isa = XCConfigurationList;
			buildConfigurations = (
				45D712BE204213CB00A2FD3E /* Debug */,
				45D712BF204213CB00A2FD3E /* Release */,
			);
			defaultConfigurationIsVisible = 0;
			defaultConfigurationName = Release;
		};
		45D712C0204213CB00A2FD3E /* Build configuration list for PBXNativeTarget "TheEnigmas" */ = {
			isa = XCConfigurationList;
			buildConfigurations = (
				45D712C1204213CB00A2FD3E /* Debug */,
				45D712C2204213CB00A2FD3E /* Release */,
			);
			defaultConfigurationIsVisible = 0;
			defaultConfigurationName = Release;
		};
/* End XCConfigurationList section */
	};
	rootObject = 45D712A6204213CB00A2FD3E /* Project object */;
}
